
Microsoft Visual Studio Solution File, Format Version 12.00
# Visual Studio Version 16
VisualStudioVersion = 16.0.32228.343
MinimumVisualStudioVersion = 10.0.40219.1
Project("{FAE04EC0-301F-11D3-BF4B-00C04F79EFBC}") = "Nlog_Pipin", "Nlog_Pipin\Nlog_Pipin.csproj", "{4452DBE5-7D55-475D-B920-E3C6C89A8610}"
EndProject
Global
	GlobalSection(SolutionConfigurationPlatforms) = preSolution
		Debug|Any CPU = Debug|Any CPU
		Release|Any CPU = Release|Any CPU
	EndGlobalSection
	GlobalSection(ProjectConfigurationPlatforms) = postSolution
		{4452DBE5-7D55-475D-B920-E3C6C89A8610}.Debug|Any CPU.ActiveCfg = Debug|Any CPU
		{4452DBE5-7D55-475D-B920-E3C6C89A8610}.Debug|Any CPU.Build.0 = Debug|Any CPU
		{4452DBE5-7D55-475D-B920-E3C6C89A8610}.Release|Any CPU.ActiveCfg = Release|Any CPU
		{4452DBE5-7D55-475D-B920-E3C6C89A8610}.Release|Any CPU.Build.0 = Release|Any CPU
	EndGlobalSection
	GlobalSection(SolutionProperties) = preSolution
		HideSolutionNode = FALSE
	EndGlobalSection
	GlobalSection(ExtensibilityGlobals) = postSolution
		SolutionGuid = {0B721D88-B750-4988-9BDE-EC779D8DB8FF}
	EndGlobalSection
EndGlobal
